
Microsoft Visual Studio Solution File, Format Version 11.00
# Visual Studio 2010
Project("{FAE04EC0-301F-11D3-BF4B-00C04F79EFBC}") = "DataTables.Mvc.Web", "DataTables.Mvc.Web\DataTables.Mvc.Web.csproj", "{AB568756-11D0-40A4-B0EC-9599EA1093D8}"
EndProject
Project("{FAE04EC0-301F-11D3-BF4B-00C04F79EFBC}") = "DataTables.Mvc.Core", "DataTables.Mvc.Core\DataTables.Mvc.Core.csproj", "{2CB06BDB-71EF-4C20-A8F3-E9A2ED2E4C4C}"
EndProject
Global
	GlobalSection(SolutionConfigurationPlatforms) = preSolution
		Debug|Any CPU = Debug|Any CPU
		Release|Any CPU = Release|Any CPU
	EndGlobalSection
	GlobalSection(ProjectConfigurationPlatforms) = postSolution
		{AB568756-11D0-40A4-B0EC-9599EA1093D8}.Debug|Any CPU.ActiveCfg = Debug|Any CPU
		{AB568756-11D0-40A4-B0EC-9599EA1093D8}.Debug|Any CPU.Build.0 = Debug|Any CPU
		{AB568756-11D0-40A4-B0EC-9599EA1093D8}.Release|Any CPU.ActiveCfg = Release|Any CPU
		{AB568756-11D0-40A4-B0EC-9599EA1093D8}.Release|Any CPU.Build.0 = Release|Any CPU
		{2CB06BDB-71EF-4C20-A8F3-E9A2ED2E4C4C}.Debug|Any CPU.ActiveCfg = Debug|Any CPU
		{2CB06BDB-71EF-4C20-A8F3-E9A2ED2E4C4C}.Debug|Any CPU.Build.0 = Debug|Any CPU
		{2CB06BDB-71EF-4C20-A8F3-E9A2ED2E4C4C}.Release|Any CPU.ActiveCfg = Release|Any CPU
		{2CB06BDB-71EF-4C20-A8F3-E9A2ED2E4C4C}.Release|Any CPU.Build.0 = Release|Any CPU
	EndGlobalSection
	GlobalSection(SolutionProperties) = preSolution
		HideSolutionNode = FALSE
	EndGlobalSection
EndGlobal
